{
  "originHash" : "d2dc53affa9e73e5a47d89115ae40261f21168fe4be2e12afdff0f2712fcf344",
  "pins" : [
    {
      "identity" : "privy-ios",
      "kind" : "remoteSourceControl",
      "location" : "https://github.com/privy-io/privy-ios",
      "state" : {
        "revision" : "b50567ed7cd88660026f75b97f681df49998a917",
        "version" : "1.9.0"
      }
    }
  ],
  "version" : 3
}
